
Microsoft Visual Studio Solution File, Format Version 12.00
# Visual Studio Version 17
VisualStudioVersion = 17.5.002.0
MinimumVisualStudioVersion = 10.0.40219.1
Project("{9A19103F-16F7-4668-BE54-9A1E7A4F7556}") = "RtInkGit", "RtInkGit.csproj", "{AB304439-38E3-40A2-BCF4-2EBB8D3C372A}"
EndProject
Global
	GlobalSection(SolutionConfigurationPlatforms) = preSolution
		Debug|Any CPU = Debug|Any CPU
		Release|Any CPU = Release|Any CPU
	EndGlobalSection
	GlobalSection(ProjectConfigurationPlatforms) = postSolution
		{AB304439-38E3-40A2-BCF4-2EBB8D3C372A}.Debug|Any CPU.ActiveCfg = Debug|Any CPU
		{AB304439-38E3-40A2-BCF4-2EBB8D3C372A}.Debug|Any CPU.Build.0 = Debug|Any CPU
		{AB304439-38E3-40A2-BCF4-2EBB8D3C372A}.Release|Any CPU.ActiveCfg = Release|Any CPU
		{AB304439-38E3-40A2-BCF4-2EBB8D3C372A}.Release|Any CPU.Build.0 = Release|Any CPU
	EndGlobalSection
	GlobalSection(SolutionProperties) = preSolution
		HideSolutionNode = FALSE
	EndGlobalSection
	GlobalSection(ExtensibilityGlobals) = postSolution
		SolutionGuid = {4BCAC0D4-F3DF-40D8-A95B-6B544A05493E}
	EndGlobalSection
EndGlobal
