
Microsoft Visual Studio Solution File, Format Version 12.00
# Visual Studio Version 17
VisualStudioVersion = 17.0.31903.59
MinimumVisualStudioVersion = 10.0.40219.1
Project("{FAE04EC0-301F-11D3-BF4B-00C04F79EFBC}") = "RtInkGit", "RtInkGit\RtInkGit.csproj", "{3956F604-241A-44AE-9623-1BC4B945AC07}"
EndProject
Project("{FAE04EC0-301F-11D3-BF4B-00C04F79EFBC}") = "wwwcore", "..\..\Alga\wwwcore\wwwcore\wwwcore.csproj", "{1930E774-79B0-4D6B-8C27-4083A835D097}"
EndProject
Global
	GlobalSection(SolutionConfigurationPlatforms) = preSolution
		Debug|Any CPU = Debug|Any CPU
		Release|Any CPU = Release|Any CPU
	EndGlobalSection
	GlobalSection(SolutionProperties) = preSolution
		HideSolutionNode = FALSE
	EndGlobalSection
	GlobalSection(ProjectConfigurationPlatforms) = postSolution
		{3956F604-241A-44AE-9623-1BC4B945AC07}.Debug|Any CPU.ActiveCfg = Debug|Any CPU
		{3956F604-241A-44AE-9623-1BC4B945AC07}.Debug|Any CPU.Build.0 = Debug|Any CPU
		{3956F604-241A-44AE-9623-1BC4B945AC07}.Release|Any CPU.ActiveCfg = Release|Any CPU
		{3956F604-241A-44AE-9623-1BC4B945AC07}.Release|Any CPU.Build.0 = Release|Any CPU
		{1930E774-79B0-4D6B-8C27-4083A835D097}.Debug|Any CPU.ActiveCfg = Debug|Any CPU
		{1930E774-79B0-4D6B-8C27-4083A835D097}.Debug|Any CPU.Build.0 = Debug|Any CPU
		{1930E774-79B0-4D6B-8C27-4083A835D097}.Release|Any CPU.ActiveCfg = Release|Any CPU
		{1930E774-79B0-4D6B-8C27-4083A835D097}.Release|Any CPU.Build.0 = Release|Any CPU
	EndGlobalSection
EndGlobal
